// !$*UTF8*$!
{
	archiveVersion = 1;
	classes = {
	};
	objectVersion = 55;
	objects = {

/* Begin PBXBuildFile section */
		BD43940D273B969B003F46F9 /* AppDelegate.swift in Sources */ = {isa = PBXBuildFile; fileRef = BD43940C273B969B003F46F9 /* AppDelegate.swift */; };
		BD43940F273B969B003F46F9 /* SceneDelegate.swift in Sources */ = {isa = PBXBuildFile; fileRef = BD43940E273B969B003F46F9 /* SceneDelegate.swift */; };
		BD439411273B969B003F46F9 /* ViewController.swift in Sources */ = {isa = PBXBuildFile; fileRef = BD439410273B969B003F46F9 /* ViewController.swift */; };
		BD439414273B969B003F46F9 /* Main.storyboard in Resources */ = {isa = PBXBuildFile; fileRef = BD439412273B969B003F46F9 /* Main.storyboard */; };
		BD439416273B969C003F46F9 /* Assets.xcassets in Resources */ = {isa = PBXBuildFile; fileRef = BD439415273B969C003F46F9 /* Assets.xcassets */; };
		BD439419273B969C003F46F9 /* LaunchScreen.storyboard in Resources */ = {isa = PBXBuildFile; fileRef = BD439417273B969C003F46F9 /* LaunchScreen.storyboard */; };
		BD439424273B969C003F46F9 /* WebTests.swift in Sources */ = {isa = PBXBuildFile; fileRef = BD439423273B969C003F46F9 /* WebTests.swift */; };
		BD43942E273B969C003F46F9 /* WebUITests.swift in Sources */ = {isa = PBXBuildFile; fileRef = BD43942D273B969C003F46F9 /* WebUITests.swift */; };
		BD439430273B969C003F46F9 /* WebUITestsLaunchTests.swift in Sources */ = {isa = PBXBuildFile; fileRef = BD43942F273B969C003F46F9 /* WebUITestsLaunchTests.swift */; };
		BD43943D273B9E38003F46F9 /* htmlView.html in Resources */ = {isa = PBXBuildFile; fileRef = BD43943C273B9E38003F46F9 /* htmlView.html */; };
/* End PBXBuildFile section */

/* Begin PBXContainerItemProxy section */
		BD439420273B969C003F46F9 /* PBXContainerItemProxy */ = {
			isa = PBXContainerItemProxy;
			containerPortal = BD439401273B969B003F46F9 /* Project object */;
			proxyType = 1;
			remoteGlobalIDString = BD439408273B969B003F46F9;
			remoteInfo = Web;
		};
		BD43942A273B969C003F46F9 /* PBXContainerItemProxy */ = {
			isa = PBXContainerItemProxy;
			containerPortal = BD439401273B969B003F46F9 /* Project object */;
			proxyType = 1;
			remoteGlobalIDString = BD439408273B969B003F46F9;
			remoteInfo = Web;
		};
/* End PBXContainerItemProxy section */

/* Begin PBXFileReference section */
		BD439409273B969B003F46F9 /* Web.app */ = {isa = PBXFileReference; explicitFileType = wrapper.application; includeInIndex = 0; path = Web.app; sourceTree = BUILT_PRODUCTS_DIR; };
		BD43940C273B969B003F46F9 /* AppDelegate.swift */ = {isa = PBXFileReference; lastKnownFileType = sourcecode.swift; path = AppDelegate.swift; sourceTree = "<group>"; };
		BD43940E273B969B003F46F9 /* SceneDelegate.swift */ = {isa = PBXFileReference; lastKnownFileType = sourcecode.swift; path = SceneDelegate.swift; sourceTree = "<group>"; };
		BD439410273B969B003F46F9 /* ViewController.swift */ = {isa = PBXFileReference; lastKnownFileType = sourcecode.swift; path = ViewController.swift; sourceTree = "<group>"; };
		BD439413273B969B003F46F9 /* Base */ = {isa = PBXFileReference; lastKnownFileType = file.storyboard; name = Base; path = Base.lproj/Main.storyboard; sourceTree = "<group>"; };
		BD439415273B969C003F46F9 /* Assets.xcassets */ = {isa = PBXFileReference; lastKnownFileType = folder.assetcatalog; path = Assets.xcassets; sourceTree = "<group>"; };
		BD439418273B969C003F46F9 /* Base */ = {isa = PBXFileReference; lastKnownFileType = file.storyboard; name = Base; path = Base.lproj/LaunchScreen.storyboard; sourceTree = "<group>"; };
		BD43941A273B969C003F46F9 /* Info.plist */ = {isa = PBXFileReference; lastKnownFileType = text.plist.xml; path = Info.plist; sourceTree = "<group>"; };
		BD43941F273B969C003F46F9 /* WebTests.xctest */ = {isa = PBXFileReference; explicitFileType = wrapper.cfbundle; includeInIndex = 0; path = WebTests.xctest; sourceTree = BUILT_PRODUCTS_DIR; };
		BD439423273B969C003F46F9 /* WebTests.swift */ = {isa = PBXFileReference; lastKnownFileType = sourcecode.swift; path = WebTests.swift; sourceTree = "<group>"; };
		BD439429273B969C003F46F9 /* WebUITests.xctest */ = {isa = PBXFileReference; explicitFileType = wrapper.cfbundle; includeInIndex = 0; path = WebUITests.xctest; sourceTree = BUILT_PRODUCTS_DIR; };
		BD43942D273B969C003F46F9 /* WebUITests.swift */ = {isa = PBXFileReference; lastKnownFileType = sourcecode.swift; path = WebUITests.swift; sourceTree = "<group>"; };
		BD43942F273B969C003F46F9 /* WebUITestsLaunchTests.swift */ = {isa = PBXFileReference; lastKnownFileType = sourcecode.swift; path = WebUITestsLaunchTests.swift; sourceTree = "<group>"; };
		BD43943C273B9E38003F46F9 /* htmlView.html */ = {isa = PBXFileReference; lastKnownFileType = text.html; path = htmlView.html; sourceTree = "<group>"; };
/* End PBXFileReference section */

/* Begin PBXFrameworksBuildPhase section */
		BD439406273B969B003F46F9 /* Frameworks */ = {
			isa = PBXFrameworksBuildPhase;
			buildActionMask = 2147483647;
			files = (
			);
			runOnlyForDeploymentPostprocessing = 0;
		};
		BD43941C273B969C003F46F9 /* Frameworks */ = {
			isa = PBXFrameworksBuildPhase;
			buildActionMask = 2147483647;
			files = (
			);
			runOnlyForDeploymentPostprocessing = 0;
		};
		BD439426273B969C003F46F9 /* Frameworks */ = {
			isa = PBXFrameworksBuildPhase;
			buildActionMask = 2147483647;
			files = (
			);
			runOnlyForDeploymentPostprocessing = 0;
		};
/* End PBXFrameworksBuildPhase section */

/* Begin PBXGroup section */
		BD439400273B969B003F46F9 = {
			isa = PBXGroup;
			children = (
				BD43940B273B969B003F46F9 /* Web */,
				BD439422273B969C003F46F9 /* WebTests */,
				BD43942C273B969C003F46F9 /* WebUITests */,
				BD43940A273B969B003F46F9 /* Products */,
			);
			sourceTree = "<group>";
		};
		BD43940A273B969B003F46F9 /* Products */ = {
			isa = PBXGroup;
			children = (
				BD439409273B969B003F46F9 /* Web.app */,
				BD43941F273B969C003F46F9 /* WebTests.xctest */,
				BD439429273B969C003F46F9 /* WebUITests.xctest */,
			);
			name = Products;
			sourceTree = "<group>";
		};
		BD43940B273B969B003F46F9 /* Web */ = {
			isa = PBXGroup;
			children = (
				BD43940C273B969B003F46F9 /* AppDelegate.swift */,
				BD43940E273B969B003F46F9 /* SceneDelegate.swift */,
				BD439410273B969B003F46F9 /* ViewController.swift */,
				BD43943C273B9E38003F46F9 /* htmlView.html */,
				BD439412273B969B003F46F9 /* Main.storyboard */,
				BD439415273B969C003F46F9 /* Assets.xcassets */,
				BD439417273B969C003F46F9 /* LaunchScreen.storyboard */,
				BD43941A273B969C003F46F9 /* Info.plist */,
			);
			path = Web;
			sourceTree = "<group>";
		};
		BD439422273B969C003F46F9 /* WebTests */ = {
			isa = PBXGroup;
			children = (
				BD439423273B969C003F46F9 /* WebTests.swift */,
			);
			path = WebTests;
			sourceTree = "<group>";
		};
		BD43942C273B969C003F46F9 /* WebUITests */ = {
			isa = PBXGroup;
			children = (
				BD43942D273B969C003F46F9 /* WebUITests.swift */,
				BD43942F273B969C003F46F9 /* WebUITestsLaunchTests.swift */,
			);
			path = WebUITests;
			sourceTree = "<group>";
		};
/* End PBXGroup section */

/* Begin PBXNativeTarget section */
		BD439408273B969B003F46F9 /* Web */ = {
			isa = PBXNativeTarget;
			buildConfigurationList = BD439433273B969C003F46F9 /* Build configuration list for PBXNativeTarget "Web" */;
			buildPhases = (
				BD439405273B969B003F46F9 /* Sources */,
				BD439406273B969B003F46F9 /* Frameworks */,
				BD439407273B969B003F46F9 /* Resources */,
			);
			buildRules = (
			);
			dependencies = (
			);
			name = Web;
			productName = Web;
			productReference = BD439409273B969B003F46F9 /* Web.app */;
			productType = "com.apple.product-type.application";
		};
		BD43941E273B969C003F46F9 /* WebTests */ = {
			isa = PBXNativeTarget;
			buildConfigurationList = BD439436273B969C003F46F9 /* Build configuration list for PBXNativeTarget "WebTests" */;
			buildPhases = (
				BD43941B273B969C003F46F9 /* Sources */,
				BD43941C273B969C003F46F9 /* Frameworks */,
				BD43941D273B969C003F46F9 /* Resources */,
			);
			buildRules = (
			);
			dependencies = (
				BD439421273B969C003F46F9 /* PBXTargetDependency */,
			);
			name = WebTests;
			productName = WebTests;
			productReference = BD43941F273B969C003F46F9 /* WebTests.xctest */;
			productType = "com.apple.product-type.bundle.unit-test";
		};
		BD439428273B969C003F46F9 /* WebUITests */ = {
			isa = PBXNativeTarget;
			buildConfigurationList = BD439439273B969C003F46F9 /* Build configuration list for PBXNativeTarget "WebUITests" */;
			buildPhases = (
				BD439425273B969C003F46F9 /* Sources */,
				BD439426273B969C003F46F9 /* Frameworks */,
				BD439427273B969C003F46F9 /* Resources */,
			);
			buildRules = (
			);
			dependencies = (
				BD43942B273B969C003F46F9 /* PBXTargetDependency */,
			);
			name = WebUITests;
			productName = WebUITests;
			productReference = BD439429273B969C003F46F9 /* WebUITests.xctest */;
			productType = "com.apple.product-type.bundle.ui-testing";
		};
/* End PBXNativeTarget section */

/* Begin PBXProject section */
		BD439401273B969B003F46F9 /* Project object */ = {
			isa = PBXProject;
			attributes = {
				BuildIndependentTargetsInParallel = 1;
				LastSwiftUpdateCheck = 1310;
				LastUpgradeCheck = 1310;
				TargetAttributes = {
					BD439408273B969B003F46F9 = {
						CreatedOnToolsVersion = 13.1;
					};
					BD43941E273B969C003F46F9 = {
						CreatedOnToolsVersion = 13.1;
						TestTargetID = BD439408273B969B003F46F9;
					};
					BD439428273B969C003F46F9 = {
						CreatedOnToolsVersion = 13.1;
						TestTargetID = BD439408273B969B003F46F9;
					};
				};
			};
			buildConfigurationList = BD439404273B969B003F46F9 /* Build configuration list for PBXProject "Web" */;
			compatibilityVersion = "Xcode 13.0";
			developmentRegion = en;
			hasScannedForEncodings = 0;
			knownRegions = (
				en,
				Base,
			);
			mainGroup = BD439400273B969B003F46F9;
			productRefGroup = BD43940A273B969B003F46F9 /* Products */;
			projectDirPath = "";
			projectRoot = "";
			targets = (
				BD439408273B969B003F46F9 /* Web */,
				BD43941E273B969C003F46F9 /* WebTests */,
				BD439428273B969C003F46F9 /* WebUITests */,
			);
		};
/* End PBXProject section */

/* Begin PBXResourcesBuildPhase section */
		BD439407273B969B003F46F9 /* Resources */ = {
			isa = PBXResourcesBuildPhase;
			buildActionMask = 2147483647;
			files = (
				BD43943D273B9E38003F46F9 /* htmlView.html in Resources */,
				BD439419273B969C003F46F9 /* LaunchScreen.storyboard in Resources */,
				BD439416273B969C003F46F9 /* Assets.xcassets in Resources */,
				BD439414273B969B003F46F9 /* Main.storyboard in Resources */,
			);
			runOnlyForDeploymentPostprocessing = 0;
		};
		BD43941D273B969C003F46F9 /* Resources */ = {
			isa = PBXResourcesBuildPhase;
			buildActionMask = 2147483647;
			files = (
			);
			runOnlyForDeploymentPostprocessing = 0;
		};
		BD439427273B969C003F46F9 /* Resources */ = {
			isa = PBXResourcesBuildPhase;
			buildActionMask = 2147483647;
			files = (
			);
			runOnlyForDeploymentPostprocessing = 0;
		};
/* End PBXResourcesBuildPhase section */

/* Begin PBXSourcesBuildPhase section */
		BD439405273B969B003F46F9 /* Sources */ = {
			isa = PBXSourcesBuildPhase;
			buildActionMask = 2147483647;
			files = (
				BD439411273B969B003F46F9 /* ViewController.swift in Sources */,
				BD43940D273B969B003F46F9 /* AppDelegate.swift in Sources */,
				BD43940F273B969B003F46F9 /* SceneDelegate.swift in Sources */,
			);
			runOnlyForDeploymentPostprocessing = 0;
		};
		BD43941B273B969C003F46F9 /* Sources */ = {
			isa = PBXSourcesBuildPhase;
			buildActionMask = 2147483647;
			files = (
				BD439424273B969C003F46F9 /* WebTests.swift in Sources */,
			);
			runOnlyForDeploymentPostprocessing = 0;
		};
		BD439425273B969C003F46F9 /* Sources */ = {
			isa = PBXSourcesBuildPhase;
			buildActionMask = 2147483647;
			files = (
				BD43942E273B969C003F46F9 /* WebUITests.swift in Sources */,
				BD439430273B969C003F46F9 /* WebUITestsLaunchTests.swift in Sources */,
			);
			runOnlyForDeploymentPostprocessing = 0;
		};
/* End PBXSourcesBuildPhase section */

/* Begin PBXTargetDependency section */
		BD439421273B969C003F46F9 /* PBXTargetDependency */ = {
			isa = PBXTargetDependency;
			target = BD439408273B969B003F46F9 /* Web */;
			targetProxy = BD439420273B969C003F46F9 /* PBXContainerItemProxy */;
		};
		BD43942B273B969C003F46F9 /* PBXTargetDependency */ = {
			isa = PBXTargetDependency;
			target = BD439408273B969B003F46F9 /* Web */;
			targetProxy = BD43942A273B969C003F46F9 /* PBXContainerItemProxy */;
		};
/* End PBXTargetDependency section */

/* Begin PBXVariantGroup section */
		BD439412273B969B003F46F9 /* Main.storyboard */ = {
			isa = PBXVariantGroup;
			children = (
				BD439413273B969B003F46F9 /* Base */,
			);
			name = Main.storyboard;
			sourceTree = "<group>";
		};
		BD439417273B969C003F46F9 /* LaunchScreen.storyboard */ = {
			isa = PBXVariantGroup;
			children = (
				BD439418273B969C003F46F9 /* Base */,
			);
			name = LaunchScreen.storyboard;
			sourceTree = "<group>";
		};
/* End PBXVariantGroup section */

/* Begin XCBuildConfiguration section */
		BD439431273B969C003F46F9 /* Debug */ = {
			isa = XCBuildConfiguration;
			buildSettings = {
				ALWAYS_SEARCH_USER_PATHS = NO;
				CLANG_ANALYZER_NONNULL = YES;
				CLANG_ANALYZER_NUMBER_OBJECT_CONVERSION = YES_AGGRESSIVE;
				CLANG_CXX_LANGUAGE_STANDARD = "gnu++17";
				CLANG_CXX_LIBRARY = "libc++";
				CLANG_ENABLE_MODULES = YES;
				CLANG_ENABLE_OBJC_ARC = YES;
				CLANG_ENABLE_OBJC_WEAK = YES;
				CLANG_WARN_BLOCK_CAPTURE_AUTORELEASING = YES;
				CLANG_WARN_BOOL_CONVERSION = YES;
				CLANG_WARN_COMMA = YES;
				CLANG_WARN_CONSTANT_CONVERSION = YES;
				CLANG_WARN_DEPRECATED_OBJC_IMPLEMENTATIONS = YES;
				CLANG_WARN_DIRECT_OBJC_ISA_USAGE = YES_ERROR;
				CLANG_WARN_DOCUMENTATION_COMMENTS = YES;
				CLANG_WARN_EMPTY_BODY = YES;
				CLANG_WARN_ENUM_CONVERSION = YES;
				CLANG_WARN_INFINITE_RECURSION = YES;
				CLANG_WARN_INT_CONVERSION = YES;
				CLANG_WARN_NON_LITERAL_NULL_CONVERSION = YES;
				CLANG_WARN_OBJC_IMPLICIT_RETAIN_SELF = YES;
				CLANG_WARN_OBJC_LITERAL_CONVERSION = YES;
				CLANG_WARN_OBJC_ROOT_CLASS = YES_ERROR;
				CLANG_WARN_QUOTED_INCLUDE_IN_FRAMEWORK_HEADER = YES;
				CLANG_WARN_RANGE_LOOP_ANALYSIS = YES;
				CLANG_WARN_STRICT_PROTOTYPES = YES;
				CLANG_WARN_SUSPICIOUS_MOVE = YES;
				CLANG_WARN_UNGUARDED_AVAILABILITY = YES_AGGRESSIVE;
				CLANG_WARN_UNREACHABLE_CODE = YES;
				CLANG_WARN__DUPLICATE_METHOD_MATCH = YES;
				COPY_PHASE_STRIP = NO;
				DEBUG_INFORMATION_FORMAT = dwarf;
				ENABLE_STRICT_OBJC_MSGSEND = YES;
				ENABLE_TESTABILITY = YES;
				GCC_C_LANGUAGE_STANDARD = gnu11;
				GCC_DYNAMIC_NO_PIC = NO;
				GCC_NO_COMMON_BLOCKS = YES;
				GCC_OPTIMIZATION_LEVEL = 0;
				GCC_PREPROCESSOR_DEFINITIONS = (
					"DEBUG=1",
					"$(inherited)",
				);
				GCC_WARN_64_TO_32_BIT_CONVERSION = YES;
				GCC_WARN_ABOUT_RETURN_TYPE = YES_ERROR;
				GCC_WARN_UNDECLARED_SELECTOR = YES;
				GCC_WARN_UNINITIALIZED_AUTOS = YES_AGGRESSIVE;
				GCC_WARN_UNUSED_FUNCTION = YES;
				GCC_WARN_UNUSED_VARIABLE = YES;
				IPHONEOS_DEPLOYMENT_TARGET = 15.0;
				MTL_ENABLE_DEBUG_INFO = INCLUDE_SOURCE;
				MTL_FAST_MATH = YES;
				ONLY_ACTIVE_ARCH = YES;
				SDKROOT = iphoneos;
				SWIFT_ACTIVE_COMPILATION_CONDITIONS = DEBUG;
				SWIFT_OPTIMIZATION_LEVEL = "-Onone";
			};
			name = Debug;
		};
		BD439432273B969C003F46F9 /* Release */ = {
			isa = XCBuildConfiguration;
			buildSettings = {
				ALWAYS_SEARCH_USER_PATHS = NO;
				CLANG_ANALYZER_NONNULL = YES;
				CLANG_ANALYZER_NUMBER_OBJECT_CONVERSION = YES_AGGRESSIVE;
				CLANG_CXX_LANGUAGE_STANDARD = "gnu++17";
				CLANG_CXX_LIBRARY = "libc++";
				CLANG_ENABLE_MODULES = YES;
				CLANG_ENABLE_OBJC_ARC = YES;
				CLANG_ENABLE_OBJC_WEAK = YES;
				CLANG_WARN_BLOCK_CAPTURE_AUTORELEASING = YES;
				CLANG_WARN_BOOL_CONVERSION = YES;
				CLANG_WARN_COMMA = YES;
				CLANG_WARN_CONSTANT_CONVERSION = YES;
				CLANG_WARN_DEPRECATED_OBJC_IMPLEMENTATIONS = YES;
				CLANG_WARN_DIRECT_OBJC_ISA_USAGE = YES_ERROR;
				CLANG_WARN_DOCUMENTATION_COMMENTS = YES;
				CLANG_WARN_EMPTY_BODY = YES;
				CLANG_WARN_ENUM_CONVERSION = YES;
				CLANG_WARN_INFINITE_RECURSION = YES;
				CLANG_WARN_INT_CONVERSION = YES;
				CLANG_WARN_NON_LITERAL_NULL_CONVERSION = YES;
				CLANG_WARN_OBJC_IMPLICIT_RETAIN_SELF = YES;
				CLANG_WARN_OBJC_LITERAL_CONVERSION = YES;
				CLANG_WARN_OBJC_ROOT_CLASS = YES_ERROR;
				CLANG_WARN_QUOTED_INCLUDE_IN_FRAMEWORK_HEADER = YES;
				CLANG_WARN_RANGE_LOOP_ANALYSIS = YES;
				CLANG_WARN_STRICT_PROTOTYPES = YES;
				CLANG_WARN_SUSPICIOUS_MOVE = YES;
				CLANG_WARN_UNGUARDED_AVAILABILITY = YES_AGGRESSIVE;
				CLANG_WARN_UNREACHABLE_CODE = YES;
				CLANG_WARN__DUPLICATE_METHOD_MATCH = YES;
				COPY_PHASE_STRIP = NO;
				DEBUG_INFORMATION_FORMAT = "dwarf-with-dsym";
				ENABLE_NS_ASSERTIONS = NO;
				ENABLE_STRICT_OBJC_MSGSEND = YES;
				GCC_C_LANGUAGE_STANDARD = gnu11;
				GCC_NO_COMMON_BLOCKS = YES;
				GCC_WARN_64_TO_32_BIT_CONVERSION = YES;
				GCC_WARN_ABOUT_RETURN_TYPE = YES_ERROR;
				GCC_WARN_UNDECLARED_SELECTOR = YES;
				GCC_WARN_UNINITIALIZED_AUTOS = YES_AGGRESSIVE;
				GCC_WARN_UNUSED_FUNCTION = YES;
				GCC_WARN_UNUSED_VARIABLE = YES;
				IPHONEOS_DEPLOYMENT_TARGET = 15.0;
				MTL_ENABLE_DEBUG_INFO = NO;
				MTL_FAST_MATH = YES;
				SDKROOT = iphoneos;
				SWIFT_COMPILATION_MODE = wholemodule;
				SWIFT_OPTIMIZATION_LEVEL = "-O";
				VALIDATE_PRODUCT = YES;
			};
			name = Release;
		};
		BD439434273B969C003F46F9 /* Debug */ = {
			isa = XCBuildConfiguration;
			buildSettings = {
				ASSETCATALOG_COMPILER_APPICON_NAME = AppIcon;
				ASSETCATALOG_COMPILER_GLOBAL_ACCENT_COLOR_NAME = AccentColor;
				CODE_SIGN_STYLE = Automatic;
				CURRENT_PROJECT_VERSION = 1;
				GENERATE_INFOPLIST_FILE = YES;
				INFOPLIST_FILE = Web/Info.plist;
				INFOPLIST_KEY_UIApplicationSupportsIndirectInputEvents = YES;
				INFOPLIST_KEY_UILaunchStoryboardName = LaunchScreen;
				INFOPLIST_KEY_UIMainStoryboardFile = Main;
				INFOPLIST_KEY_UISupportedInterfaceOrientations_iPad = "UIInterfaceOrientationPortrait UIInterfaceOrientationPortraitUpsideDown UIInterfaceOrientationLandscapeLeft UIInterfaceOrientationLandscapeRight";
				INFOPLIST_KEY_UISupportedInterfaceOrientations_iPhone = "UIInterfaceOrientationPortrait UIInterfaceOrientationLandscapeLeft UIInterfaceOrientationLandscapeRight";
				LD_RUNPATH_SEARCH_PATHS = (
					"$(inherited)",
					"@executable_path/Frameworks",
				);
				MARKETING_VERSION = 1.0;
				PRODUCT_BUNDLE_IDENTIFIER = com.typemin.Web;
				PRODUCT_NAME = "$(TARGET_NAME)";
				SWIFT_EMIT_LOC_STRINGS = YES;
				SWIFT_VERSION = 5.0;
				TARGETED_DEVICE_FAMILY = "1,2";
			};
			name = Debug;
		};
		BD439435273B969C003F46F9 /* Release */ = {
			isa = XCBuildConfiguration;
			buildSettings = {
				ASSETCATALOG_COMPILER_APPICON_NAME = AppIcon;
				ASSETCATALOG_COMPILER_GLOBAL_ACCENT_COLOR_NAME = AccentColor;
				CODE_SIGN_STYLE = Automatic;
				CURRENT_PROJECT_VERSION = 1;
				GENERATE_INFOPLIST_FILE = YES;
				INFOPLIST_FILE = Web/Info.plist;
				INFOPLIST_KEY_UIApplicationSupportsIndirectInputEvents = YES;
				INFOPLIST_KEY_UILaunchStoryboardName = LaunchScreen;
				INFOPLIST_KEY_UIMainStoryboardFile = Main;
				INFOPLIST_KEY_UISupportedInterfaceOrientations_iPad = "UIInterfaceOrientationPortrait UIInterfaceOrientationPortraitUpsideDown UIInterfaceOrientationLandscapeLeft UIInterfaceOrientationLandscapeRight";
				INFOPLIST_KEY_UISupportedInterfaceOrientations_iPhone = "UIInterfaceOrientationPortrait UIInterfaceOrientationLandscapeLeft UIInterfaceOrientationLandscapeRight";
				LD_RUNPATH_SEARCH_PATHS = (
					"$(inherited)",
					"@executable_path/Frameworks",
				);
				MARKETING_VERSION = 1.0;
				PRODUCT_BUNDLE_IDENTIFIER = com.typemin.Web;
				PRODUCT_NAME = "$(TARGET_NAME)";
				SWIFT_EMIT_LOC_STRINGS = YES;
				SWIFT_VERSION = 5.0;
				TARGETED_DEVICE_FAMILY = "1,2";
			};
			name = Release;
		};
		BD439437273B969C003F46F9 /* Debug */ = {
			isa = XCBuildConfiguration;
			buildSettings = {
				ALWAYS_EMBED_SWIFT_STANDARD_LIBRARIES = YES;
				BUNDLE_LOADER = "$(TEST_HOST)";
				CODE_SIGN_STYLE = Automatic;
				CURRENT_PROJECT_VERSION = 1;
				GENERATE_INFOPLIST_FILE = YES;
				IPHONEOS_DEPLOYMENT_TARGET = 15.0;
				LD_RUNPATH_SEARCH_PATHS = (
					"$(inherited)",
					"@executable_path/Frameworks",
					"@loader_path/Frameworks",
				);
				MARKETING_VERSION = 1.0;
				PRODUCT_BUNDLE_IDENTIFIER = com.typemin.WebTests;
				PRODUCT_NAME = "$(TARGET_NAME)";
				SWIFT_EMIT_LOC_STRINGS = NO;
				SWIFT_VERSION = 5.0;
				TARGETED_DEVICE_FAMILY = "1,2";
				TEST_HOST = "$(BUILT_PRODUCTS_DIR)/Web.app/Web";
			};
			name = Debug;
		};
		BD439438273B969C003F46F9 /* Release */ = {
			isa = XCBuildConfiguration;
			buildSettings = {
				ALWAYS_EMBED_SWIFT_STANDARD_LIBRARIES = YES;
				BUNDLE_LOADER = "$(TEST_HOST)";
				CODE_SIGN_STYLE = Automatic;
				CURRENT_PROJECT_VERSION = 1;
				GENERATE_INFOPLIST_FILE = YES;
				IPHONEOS_DEPLOYMENT_TARGET = 15.0;
				LD_RUNPATH_SEARCH_PATHS = (
					"$(inherited)",
					"@executable_path/Frameworks",
					"@loader_path/Frameworks",
				);
				MARKETING_VERSION = 1.0;
				PRODUCT_BUNDLE_IDENTIFIER = com.typemin.WebTests;
				PRODUCT_NAME = "$(TARGET_NAME)";
				SWIFT_EMIT_LOC_STRINGS = NO;
				SWIFT_VERSION = 5.0;
				TARGETED_DEVICE_FAMILY = "1,2";
				TEST_HOST = "$(BUILT_PRODUCTS_DIR)/Web.app/Web";
			};
			name = Release;
		};
		BD43943A273B969C003F46F9 /* Debug */ = {
			isa = XCBuildConfiguration;
			buildSettings = {
				ALWAYS_EMBED_SWIFT_STANDARD_LIBRARIES = YES;
				CODE_SIGN_STYLE = Automatic;
				CURRENT_PROJECT_VERSION = 1;
				GENERATE_INFOPLIST_FILE = YES;
				LD_RUNPATH_SEARCH_PATHS = (
					"$(inherited)",
					"@executable_path/Frameworks",
					"@loader_path/Frameworks",
				);
				MARKETING_VERSION = 1.0;
				PRODUCT_BUNDLE_IDENTIFIER = com.typemin.WebUITests;
				PRODUCT_NAME = "$(TARGET_NAME)";
				SWIFT_EMIT_LOC_STRINGS = NO;
				SWIFT_VERSION = 5.0;
				TARGETED_DEVICE_FAMILY = "1,2";
				TEST_TARGET_NAME = Web;
			};
			name = Debug;
		};
		BD43943B273B969C003F46F9 /* Release */ = {
			isa = XCBuildConfiguration;
			buildSettings = {
				ALWAYS_EMBED_SWIFT_STANDARD_LIBRARIES = YES;
				CODE_SIGN_STYLE = Automatic;
				CURRENT_PROJECT_VERSION = 1;
				GENERATE_INFOPLIST_FILE = YES;
				LD_RUNPATH_SEARCH_PATHS = (
					"$(inherited)",
					"@executable_path/Frameworks",
					"@loader_path/Frameworks",
				);
				MARKETING_VERSION = 1.0;
				PRODUCT_BUNDLE_IDENTIFIER = com.typemin.WebUITests;
				PRODUCT_NAME = "$(TARGET_NAME)";
				SWIFT_EMIT_LOC_STRINGS = NO;
				SWIFT_VERSION = 5.0;
				TARGETED_DEVICE_FAMILY = "1,2";
				TEST_TARGET_NAME = Web;
			};
			name = Release;
		};
/* End XCBuildConfiguration section */

/* Begin XCConfigurationList section */
		BD439404273B969B003F46F9 /* Build configuration list for PBXProject "Web" */ = {
			isa = XCConfigurationList;
			buildConfigurations = (
				BD439431273B969C003F46F9 /* Debug */,
				BD439432273B969C003F46F9 /* Release */,
			);
			defaultConfigurationIsVisible = 0;
			defaultConfigurationName = Release;
		};
		BD439433273B969C003F46F9 /* Build configuration list for PBXNativeTarget "Web" */ = {
			isa = XCConfigurationList;
			buildConfigurations = (
				BD439434273B969C003F46F9 /* Debug */,
				BD439435273B969C003F46F9 /* Release */,
			);
			defaultConfigurationIsVisible = 0;
			defaultConfigurationName = Release;
		};
		BD439436273B969C003F46F9 /* Build configuration list for PBXNativeTarget "WebTests" */ = {
			isa = XCConfigurationList;
			buildConfigurations = (
				BD439437273B969C003F46F9 /* Debug */,
				BD439438273B969C003F46F9 /* Release */,
			);
			defaultConfigurationIsVisible = 0;
			defaultConfigurationName = Release;
		};
		BD439439273B969C003F46F9 /* Build configuration list for PBXNativeTarget "WebUITests" */ = {
			isa = XCConfigurationList;
			buildConfigurations = (
				BD43943A273B969C003F46F9 /* Debug */,
				BD43943B273B969C003F46F9 /* Release */,
			);
			defaultConfigurationIsVisible = 0;
			defaultConfigurationName = Release;
		};
/* End XCConfigurationList section */
	};
	rootObject = BD439401273B969B003F46F9 /* Project object */;
}
