// !$*UTF8*$!
{
	archiveVersion = 1;
	classes = {
	};
	objectVersion = 55;
	objects = {

/* Begin PBXBuildFile section */
		BD54875F2755E43B009AC5B2 /* AppDelegate.swift in Sources */ = {isa = PBXBuildFile; fileRef = BD54875E2755E43B009AC5B2 /* AppDelegate.swift */; };
		BD5487612755E43B009AC5B2 /* SceneDelegate.swift in Sources */ = {isa = PBXBuildFile; fileRef = BD5487602755E43B009AC5B2 /* SceneDelegate.swift */; };
		BD5487632755E43B009AC5B2 /* ViewController.swift in Sources */ = {isa = PBXBuildFile; fileRef = BD5487622755E43B009AC5B2 /* ViewController.swift */; };
		BD5487662755E43B009AC5B2 /* Main.storyboard in Resources */ = {isa = PBXBuildFile; fileRef = BD5487642755E43B009AC5B2 /* Main.storyboard */; };
		BD5487682755E43C009AC5B2 /* Assets.xcassets in Resources */ = {isa = PBXBuildFile; fileRef = BD5487672755E43C009AC5B2 /* Assets.xcassets */; };
		BD54876B2755E43C009AC5B2 /* LaunchScreen.storyboard in Resources */ = {isa = PBXBuildFile; fileRef = BD5487692755E43C009AC5B2 /* LaunchScreen.storyboard */; };
		BD5487762755E43C009AC5B2 /* AudioTests.swift in Sources */ = {isa = PBXBuildFile; fileRef = BD5487752755E43C009AC5B2 /* AudioTests.swift */; };
		BD5487802755E43C009AC5B2 /* AudioUITests.swift in Sources */ = {isa = PBXBuildFile; fileRef = BD54877F2755E43C009AC5B2 /* AudioUITests.swift */; };
		BD5487822755E43C009AC5B2 /* AudioUITestsLaunchTests.swift in Sources */ = {isa = PBXBuildFile; fileRef = BD5487812755E43C009AC5B2 /* AudioUITestsLaunchTests.swift */; };
		BD54878F2755ECD2009AC5B2 /* Sicilian_Breeze.mp3 in Resources */ = {isa = PBXBuildFile; fileRef = BD54878E2755ECD2009AC5B2 /* Sicilian_Breeze.mp3 */; };
/* End PBXBuildFile section */

/* Begin PBXContainerItemProxy section */
		BD5487722755E43C009AC5B2 /* PBXContainerItemProxy */ = {
			isa = PBXContainerItemProxy;
			containerPortal = BD5487532755E43B009AC5B2 /* Project object */;
			proxyType = 1;
			remoteGlobalIDString = BD54875A2755E43B009AC5B2;
			remoteInfo = Audio;
		};
		BD54877C2755E43C009AC5B2 /* PBXContainerItemProxy */ = {
			isa = PBXContainerItemProxy;
			containerPortal = BD5487532755E43B009AC5B2 /* Project object */;
			proxyType = 1;
			remoteGlobalIDString = BD54875A2755E43B009AC5B2;
			remoteInfo = Audio;
		};
/* End PBXContainerItemProxy section */

/* Begin PBXFileReference section */
		BD54875B2755E43B009AC5B2 /* Audio.app */ = {isa = PBXFileReference; explicitFileType = wrapper.application; includeInIndex = 0; path = Audio.app; sourceTree = BUILT_PRODUCTS_DIR; };
		BD54875E2755E43B009AC5B2 /* AppDelegate.swift */ = {isa = PBXFileReference; lastKnownFileType = sourcecode.swift; path = AppDelegate.swift; sourceTree = "<group>"; };
		BD5487602755E43B009AC5B2 /* SceneDelegate.swift */ = {isa = PBXFileReference; lastKnownFileType = sourcecode.swift; path = SceneDelegate.swift; sourceTree = "<group>"; };
		BD5487622755E43B009AC5B2 /* ViewController.swift */ = {isa = PBXFileReference; lastKnownFileType = sourcecode.swift; path = ViewController.swift; sourceTree = "<group>"; };
		BD5487652755E43B009AC5B2 /* Base */ = {isa = PBXFileReference; lastKnownFileType = file.storyboard; name = Base; path = Base.lproj/Main.storyboard; sourceTree = "<group>"; };
		BD5487672755E43C009AC5B2 /* Assets.xcassets */ = {isa = PBXFileReference; lastKnownFileType = folder.assetcatalog; path = Assets.xcassets; sourceTree = "<group>"; };
		BD54876A2755E43C009AC5B2 /* Base */ = {isa = PBXFileReference; lastKnownFileType = file.storyboard; name = Base; path = Base.lproj/LaunchScreen.storyboard; sourceTree = "<group>"; };
		BD54876C2755E43C009AC5B2 /* Info.plist */ = {isa = PBXFileReference; lastKnownFileType = text.plist.xml; path = Info.plist; sourceTree = "<group>"; };
		BD5487712755E43C009AC5B2 /* AudioTests.xctest */ = {isa = PBXFileReference; explicitFileType = wrapper.cfbundle; includeInIndex = 0; path = AudioTests.xctest; sourceTree = BUILT_PRODUCTS_DIR; };
		BD5487752755E43C009AC5B2 /* AudioTests.swift */ = {isa = PBXFileReference; lastKnownFileType = sourcecode.swift; path = AudioTests.swift; sourceTree = "<group>"; };
		BD54877B2755E43C009AC5B2 /* AudioUITests.xctest */ = {isa = PBXFileReference; explicitFileType = wrapper.cfbundle; includeInIndex = 0; path = AudioUITests.xctest; sourceTree = BUILT_PRODUCTS_DIR; };
		BD54877F2755E43C009AC5B2 /* AudioUITests.swift */ = {isa = PBXFileReference; lastKnownFileType = sourcecode.swift; path = AudioUITests.swift; sourceTree = "<group>"; };
		BD5487812755E43C009AC5B2 /* AudioUITestsLaunchTests.swift */ = {isa = PBXFileReference; lastKnownFileType = sourcecode.swift; path = AudioUITestsLaunchTests.swift; sourceTree = "<group>"; };
		BD54878E2755ECD2009AC5B2 /* Sicilian_Breeze.mp3 */ = {isa = PBXFileReference; lastKnownFileType = audio.mp3; path = Sicilian_Breeze.mp3; sourceTree = "<group>"; };
/* End PBXFileReference section */

/* Begin PBXFrameworksBuildPhase section */
		BD5487582755E43B009AC5B2 /* Frameworks */ = {
			isa = PBXFrameworksBuildPhase;
			buildActionMask = 2147483647;
			files = (
			);
			runOnlyForDeploymentPostprocessing = 0;
		};
		BD54876E2755E43C009AC5B2 /* Frameworks */ = {
			isa = PBXFrameworksBuildPhase;
			buildActionMask = 2147483647;
			files = (
			);
			runOnlyForDeploymentPostprocessing = 0;
		};
		BD5487782755E43C009AC5B2 /* Frameworks */ = {
			isa = PBXFrameworksBuildPhase;
			buildActionMask = 2147483647;
			files = (
			);
			runOnlyForDeploymentPostprocessing = 0;
		};
/* End PBXFrameworksBuildPhase section */

/* Begin PBXGroup section */
		BD5487522755E43B009AC5B2 = {
			isa = PBXGroup;
			children = (
				BD54875D2755E43B009AC5B2 /* Audio */,
				BD5487742755E43C009AC5B2 /* AudioTests */,
				BD54877E2755E43C009AC5B2 /* AudioUITests */,
				BD54875C2755E43B009AC5B2 /* Products */,
			);
			sourceTree = "<group>";
		};
		BD54875C2755E43B009AC5B2 /* Products */ = {
			isa = PBXGroup;
			children = (
				BD54875B2755E43B009AC5B2 /* Audio.app */,
				BD5487712755E43C009AC5B2 /* AudioTests.xctest */,
				BD54877B2755E43C009AC5B2 /* AudioUITests.xctest */,
			);
			name = Products;
			sourceTree = "<group>";
		};
		BD54875D2755E43B009AC5B2 /* Audio */ = {
			isa = PBXGroup;
			children = (
				BD54878E2755ECD2009AC5B2 /* Sicilian_Breeze.mp3 */,
				BD54875E2755E43B009AC5B2 /* AppDelegate.swift */,
				BD5487602755E43B009AC5B2 /* SceneDelegate.swift */,
				BD5487622755E43B009AC5B2 /* ViewController.swift */,
				BD5487642755E43B009AC5B2 /* Main.storyboard */,
				BD5487672755E43C009AC5B2 /* Assets.xcassets */,
				BD5487692755E43C009AC5B2 /* LaunchScreen.storyboard */,
				BD54876C2755E43C009AC5B2 /* Info.plist */,
			);
			path = Audio;
			sourceTree = "<group>";
		};
		BD5487742755E43C009AC5B2 /* AudioTests */ = {
			isa = PBXGroup;
			children = (
				BD5487752755E43C009AC5B2 /* AudioTests.swift */,
			);
			path = AudioTests;
			sourceTree = "<group>";
		};
		BD54877E2755E43C009AC5B2 /* AudioUITests */ = {
			isa = PBXGroup;
			children = (
				BD54877F2755E43C009AC5B2 /* AudioUITests.swift */,
				BD5487812755E43C009AC5B2 /* AudioUITestsLaunchTests.swift */,
			);
			path = AudioUITests;
			sourceTree = "<group>";
		};
/* End PBXGroup section */

/* Begin PBXNativeTarget section */
		BD54875A2755E43B009AC5B2 /* Audio */ = {
			isa = PBXNativeTarget;
			buildConfigurationList = BD5487852755E43C009AC5B2 /* Build configuration list for PBXNativeTarget "Audio" */;
			buildPhases = (
				BD5487572755E43B009AC5B2 /* Sources */,
				BD5487582755E43B009AC5B2 /* Frameworks */,
				BD5487592755E43B009AC5B2 /* Resources */,
			);
			buildRules = (
			);
			dependencies = (
			);
			name = Audio;
			productName = Audio;
			productReference = BD54875B2755E43B009AC5B2 /* Audio.app */;
			productType = "com.apple.product-type.application";
		};
		BD5487702755E43C009AC5B2 /* AudioTests */ = {
			isa = PBXNativeTarget;
			buildConfigurationList = BD5487882755E43C009AC5B2 /* Build configuration list for PBXNativeTarget "AudioTests" */;
			buildPhases = (
				BD54876D2755E43C009AC5B2 /* Sources */,
				BD54876E2755E43C009AC5B2 /* Frameworks */,
				BD54876F2755E43C009AC5B2 /* Resources */,
			);
			buildRules = (
			);
			dependencies = (
				BD5487732755E43C009AC5B2 /* PBXTargetDependency */,
			);
			name = AudioTests;
			productName = AudioTests;
			productReference = BD5487712755E43C009AC5B2 /* AudioTests.xctest */;
			productType = "com.apple.product-type.bundle.unit-test";
		};
		BD54877A2755E43C009AC5B2 /* AudioUITests */ = {
			isa = PBXNativeTarget;
			buildConfigurationList = BD54878B2755E43C009AC5B2 /* Build configuration list for PBXNativeTarget "AudioUITests" */;
			buildPhases = (
				BD5487772755E43C009AC5B2 /* Sources */,
				BD5487782755E43C009AC5B2 /* Frameworks */,
				BD5487792755E43C009AC5B2 /* Resources */,
			);
			buildRules = (
			);
			dependencies = (
				BD54877D2755E43C009AC5B2 /* PBXTargetDependency */,
			);
			name = AudioUITests;
			productName = AudioUITests;
			productReference = BD54877B2755E43C009AC5B2 /* AudioUITests.xctest */;
			productType = "com.apple.product-type.bundle.ui-testing";
		};
/* End PBXNativeTarget section */

/* Begin PBXProject section */
		BD5487532755E43B009AC5B2 /* Project object */ = {
			isa = PBXProject;
			attributes = {
				BuildIndependentTargetsInParallel = 1;
				LastSwiftUpdateCheck = 1310;
				LastUpgradeCheck = 1310;
				TargetAttributes = {
					BD54875A2755E43B009AC5B2 = {
						CreatedOnToolsVersion = 13.1;
					};
					BD5487702755E43C009AC5B2 = {
						CreatedOnToolsVersion = 13.1;
						TestTargetID = BD54875A2755E43B009AC5B2;
					};
					BD54877A2755E43C009AC5B2 = {
						CreatedOnToolsVersion = 13.1;
						TestTargetID = BD54875A2755E43B009AC5B2;
					};
				};
			};
			buildConfigurationList = BD5487562755E43B009AC5B2 /* Build configuration list for PBXProject "Audio" */;
			compatibilityVersion = "Xcode 13.0";
			developmentRegion = en;
			hasScannedForEncodings = 0;
			knownRegions = (
				en,
				Base,
			);
			mainGroup = BD5487522755E43B009AC5B2;
			productRefGroup = BD54875C2755E43B009AC5B2 /* Products */;
			projectDirPath = "";
			projectRoot = "";
			targets = (
				BD54875A2755E43B009AC5B2 /* Audio */,
				BD5487702755E43C009AC5B2 /* AudioTests */,
				BD54877A2755E43C009AC5B2 /* AudioUITests */,
			);
		};
/* End PBXProject section */

/* Begin PBXResourcesBuildPhase section */
		BD5487592755E43B009AC5B2 /* Resources */ = {
			isa = PBXResourcesBuildPhase;
			buildActionMask = 2147483647;
			files = (
				BD54876B2755E43C009AC5B2 /* LaunchScreen.storyboard in Resources */,
				BD54878F2755ECD2009AC5B2 /* Sicilian_Breeze.mp3 in Resources */,
				BD5487682755E43C009AC5B2 /* Assets.xcassets in Resources */,
				BD5487662755E43B009AC5B2 /* Main.storyboard in Resources */,
			);
			runOnlyForDeploymentPostprocessing = 0;
		};
		BD54876F2755E43C009AC5B2 /* Resources */ = {
			isa = PBXResourcesBuildPhase;
			buildActionMask = 2147483647;
			files = (
			);
			runOnlyForDeploymentPostprocessing = 0;
		};
		BD5487792755E43C009AC5B2 /* Resources */ = {
			isa = PBXResourcesBuildPhase;
			buildActionMask = 2147483647;
			files = (
			);
			runOnlyForDeploymentPostprocessing = 0;
		};
/* End PBXResourcesBuildPhase section */

/* Begin PBXSourcesBuildPhase section */
		BD5487572755E43B009AC5B2 /* Sources */ = {
			isa = PBXSourcesBuildPhase;
			buildActionMask = 2147483647;
			files = (
				BD5487632755E43B009AC5B2 /* ViewController.swift in Sources */,
				BD54875F2755E43B009AC5B2 /* AppDelegate.swift in Sources */,
				BD5487612755E43B009AC5B2 /* SceneDelegate.swift in Sources */,
			);
			runOnlyForDeploymentPostprocessing = 0;
		};
		BD54876D2755E43C009AC5B2 /* Sources */ = {
			isa = PBXSourcesBuildPhase;
			buildActionMask = 2147483647;
			files = (
				BD5487762755E43C009AC5B2 /* AudioTests.swift in Sources */,
			);
			runOnlyForDeploymentPostprocessing = 0;
		};
		BD5487772755E43C009AC5B2 /* Sources */ = {
			isa = PBXSourcesBuildPhase;
			buildActionMask = 2147483647;
			files = (
				BD5487802755E43C009AC5B2 /* AudioUITests.swift in Sources */,
				BD5487822755E43C009AC5B2 /* AudioUITestsLaunchTests.swift in Sources */,
			);
			runOnlyForDeploymentPostprocessing = 0;
		};
/* End PBXSourcesBuildPhase section */

/* Begin PBXTargetDependency section */
		BD5487732755E43C009AC5B2 /* PBXTargetDependency */ = {
			isa = PBXTargetDependency;
			target = BD54875A2755E43B009AC5B2 /* Audio */;
			targetProxy = BD5487722755E43C009AC5B2 /* PBXContainerItemProxy */;
		};
		BD54877D2755E43C009AC5B2 /* PBXTargetDependency */ = {
			isa = PBXTargetDependency;
			target = BD54875A2755E43B009AC5B2 /* Audio */;
			targetProxy = BD54877C2755E43C009AC5B2 /* PBXContainerItemProxy */;
		};
/* End PBXTargetDependency section */

/* Begin PBXVariantGroup section */
		BD5487642755E43B009AC5B2 /* Main.storyboard */ = {
			isa = PBXVariantGroup;
			children = (
				BD5487652755E43B009AC5B2 /* Base */,
			);
			name = Main.storyboard;
			sourceTree = "<group>";
		};
		BD5487692755E43C009AC5B2 /* LaunchScreen.storyboard */ = {
			isa = PBXVariantGroup;
			children = (
				BD54876A2755E43C009AC5B2 /* Base */,
			);
			name = LaunchScreen.storyboard;
			sourceTree = "<group>";
		};
/* End PBXVariantGroup section */

/* Begin XCBuildConfiguration section */
		BD5487832755E43C009AC5B2 /* Debug */ = {
			isa = XCBuildConfiguration;
			buildSettings = {
				ALWAYS_SEARCH_USER_PATHS = NO;
				CLANG_ANALYZER_NONNULL = YES;
				CLANG_ANALYZER_NUMBER_OBJECT_CONVERSION = YES_AGGRESSIVE;
				CLANG_CXX_LANGUAGE_STANDARD = "gnu++17";
				CLANG_CXX_LIBRARY = "libc++";
				CLANG_ENABLE_MODULES = YES;
				CLANG_ENABLE_OBJC_ARC = YES;
				CLANG_ENABLE_OBJC_WEAK = YES;
				CLANG_WARN_BLOCK_CAPTURE_AUTORELEASING = YES;
				CLANG_WARN_BOOL_CONVERSION = YES;
				CLANG_WARN_COMMA = YES;
				CLANG_WARN_CONSTANT_CONVERSION = YES;
				CLANG_WARN_DEPRECATED_OBJC_IMPLEMENTATIONS = YES;
				CLANG_WARN_DIRECT_OBJC_ISA_USAGE = YES_ERROR;
				CLANG_WARN_DOCUMENTATION_COMMENTS = YES;
				CLANG_WARN_EMPTY_BODY = YES;
				CLANG_WARN_ENUM_CONVERSION = YES;
				CLANG_WARN_INFINITE_RECURSION = YES;
				CLANG_WARN_INT_CONVERSION = YES;
				CLANG_WARN_NON_LITERAL_NULL_CONVERSION = YES;
				CLANG_WARN_OBJC_IMPLICIT_RETAIN_SELF = YES;
				CLANG_WARN_OBJC_LITERAL_CONVERSION = YES;
				CLANG_WARN_OBJC_ROOT_CLASS = YES_ERROR;
				CLANG_WARN_QUOTED_INCLUDE_IN_FRAMEWORK_HEADER = YES;
				CLANG_WARN_RANGE_LOOP_ANALYSIS = YES;
				CLANG_WARN_STRICT_PROTOTYPES = YES;
				CLANG_WARN_SUSPICIOUS_MOVE = YES;
				CLANG_WARN_UNGUARDED_AVAILABILITY = YES_AGGRESSIVE;
				CLANG_WARN_UNREACHABLE_CODE = YES;
				CLANG_WARN__DUPLICATE_METHOD_MATCH = YES;
				COPY_PHASE_STRIP = NO;
				DEBUG_INFORMATION_FORMAT = dwarf;
				ENABLE_STRICT_OBJC_MSGSEND = YES;
				ENABLE_TESTABILITY = YES;
				GCC_C_LANGUAGE_STANDARD = gnu11;
				GCC_DYNAMIC_NO_PIC = NO;
				GCC_NO_COMMON_BLOCKS = YES;
				GCC_OPTIMIZATION_LEVEL = 0;
				GCC_PREPROCESSOR_DEFINITIONS = (
					"DEBUG=1",
					"$(inherited)",
				);
				GCC_WARN_64_TO_32_BIT_CONVERSION = YES;
				GCC_WARN_ABOUT_RETURN_TYPE = YES_ERROR;
				GCC_WARN_UNDECLARED_SELECTOR = YES;
				GCC_WARN_UNINITIALIZED_AUTOS = YES_AGGRESSIVE;
				GCC_WARN_UNUSED_FUNCTION = YES;
				GCC_WARN_UNUSED_VARIABLE = YES;
				IPHONEOS_DEPLOYMENT_TARGET = 15.0;
				MTL_ENABLE_DEBUG_INFO = INCLUDE_SOURCE;
				MTL_FAST_MATH = YES;
				ONLY_ACTIVE_ARCH = YES;
				SDKROOT = iphoneos;
				SWIFT_ACTIVE_COMPILATION_CONDITIONS = DEBUG;
				SWIFT_OPTIMIZATION_LEVEL = "-Onone";
			};
			name = Debug;
		};
		BD5487842755E43C009AC5B2 /* Release */ = {
			isa = XCBuildConfiguration;
			buildSettings = {
				ALWAYS_SEARCH_USER_PATHS = NO;
				CLANG_ANALYZER_NONNULL = YES;
				CLANG_ANALYZER_NUMBER_OBJECT_CONVERSION = YES_AGGRESSIVE;
				CLANG_CXX_LANGUAGE_STANDARD = "gnu++17";
				CLANG_CXX_LIBRARY = "libc++";
				CLANG_ENABLE_MODULES = YES;
				CLANG_ENABLE_OBJC_ARC = YES;
				CLANG_ENABLE_OBJC_WEAK = YES;
				CLANG_WARN_BLOCK_CAPTURE_AUTORELEASING = YES;
				CLANG_WARN_BOOL_CONVERSION = YES;
				CLANG_WARN_COMMA = YES;
				CLANG_WARN_CONSTANT_CONVERSION = YES;
				CLANG_WARN_DEPRECATED_OBJC_IMPLEMENTATIONS = YES;
				CLANG_WARN_DIRECT_OBJC_ISA_USAGE = YES_ERROR;
				CLANG_WARN_DOCUMENTATION_COMMENTS = YES;
				CLANG_WARN_EMPTY_BODY = YES;
				CLANG_WARN_ENUM_CONVERSION = YES;
				CLANG_WARN_INFINITE_RECURSION = YES;
				CLANG_WARN_INT_CONVERSION = YES;
				CLANG_WARN_NON_LITERAL_NULL_CONVERSION = YES;
				CLANG_WARN_OBJC_IMPLICIT_RETAIN_SELF = YES;
				CLANG_WARN_OBJC_LITERAL_CONVERSION = YES;
				CLANG_WARN_OBJC_ROOT_CLASS = YES_ERROR;
				CLANG_WARN_QUOTED_INCLUDE_IN_FRAMEWORK_HEADER = YES;
				CLANG_WARN_RANGE_LOOP_ANALYSIS = YES;
				CLANG_WARN_STRICT_PROTOTYPES = YES;
				CLANG_WARN_SUSPICIOUS_MOVE = YES;
				CLANG_WARN_UNGUARDED_AVAILABILITY = YES_AGGRESSIVE;
				CLANG_WARN_UNREACHABLE_CODE = YES;
				CLANG_WARN__DUPLICATE_METHOD_MATCH = YES;
				COPY_PHASE_STRIP = NO;
				DEBUG_INFORMATION_FORMAT = "dwarf-with-dsym";
				ENABLE_NS_ASSERTIONS = NO;
				ENABLE_STRICT_OBJC_MSGSEND = YES;
				GCC_C_LANGUAGE_STANDARD = gnu11;
				GCC_NO_COMMON_BLOCKS = YES;
				GCC_WARN_64_TO_32_BIT_CONVERSION = YES;
				GCC_WARN_ABOUT_RETURN_TYPE = YES_ERROR;
				GCC_WARN_UNDECLARED_SELECTOR = YES;
				GCC_WARN_UNINITIALIZED_AUTOS = YES_AGGRESSIVE;
				GCC_WARN_UNUSED_FUNCTION = YES;
				GCC_WARN_UNUSED_VARIABLE = YES;
				IPHONEOS_DEPLOYMENT_TARGET = 15.0;
				MTL_ENABLE_DEBUG_INFO = NO;
				MTL_FAST_MATH = YES;
				SDKROOT = iphoneos;
				SWIFT_COMPILATION_MODE = wholemodule;
				SWIFT_OPTIMIZATION_LEVEL = "-O";
				VALIDATE_PRODUCT = YES;
			};
			name = Release;
		};
		BD5487862755E43C009AC5B2 /* Debug */ = {
			isa = XCBuildConfiguration;
			buildSettings = {
				ASSETCATALOG_COMPILER_APPICON_NAME = AppIcon;
				ASSETCATALOG_COMPILER_GLOBAL_ACCENT_COLOR_NAME = AccentColor;
				CODE_SIGN_STYLE = Automatic;
				CURRENT_PROJECT_VERSION = 1;
				GENERATE_INFOPLIST_FILE = YES;
				INFOPLIST_FILE = Audio/Info.plist;
				INFOPLIST_KEY_UIApplicationSupportsIndirectInputEvents = YES;
				INFOPLIST_KEY_UILaunchStoryboardName = LaunchScreen;
				INFOPLIST_KEY_UIMainStoryboardFile = Main;
				INFOPLIST_KEY_UISupportedInterfaceOrientations_iPad = "UIInterfaceOrientationPortrait UIInterfaceOrientationPortraitUpsideDown UIInterfaceOrientationLandscapeLeft UIInterfaceOrientationLandscapeRight";
				INFOPLIST_KEY_UISupportedInterfaceOrientations_iPhone = "UIInterfaceOrientationPortrait UIInterfaceOrientationLandscapeLeft UIInterfaceOrientationLandscapeRight";
				LD_RUNPATH_SEARCH_PATHS = (
					"$(inherited)",
					"@executable_path/Frameworks",
				);
				MARKETING_VERSION = 1.0;
				PRODUCT_BUNDLE_IDENTIFIER = com.typemin.Audio;
				PRODUCT_NAME = "$(TARGET_NAME)";
				SWIFT_EMIT_LOC_STRINGS = YES;
				SWIFT_VERSION = 5.0;
				TARGETED_DEVICE_FAMILY = "1,2";
			};
			name = Debug;
		};
		BD5487872755E43C009AC5B2 /* Release */ = {
			isa = XCBuildConfiguration;
			buildSettings = {
				ASSETCATALOG_COMPILER_APPICON_NAME = AppIcon;
				ASSETCATALOG_COMPILER_GLOBAL_ACCENT_COLOR_NAME = AccentColor;
				CODE_SIGN_STYLE = Automatic;
				CURRENT_PROJECT_VERSION = 1;
				GENERATE_INFOPLIST_FILE = YES;
				INFOPLIST_FILE = Audio/Info.plist;
				INFOPLIST_KEY_UIApplicationSupportsIndirectInputEvents = YES;
				INFOPLIST_KEY_UILaunchStoryboardName = LaunchScreen;
				INFOPLIST_KEY_UIMainStoryboardFile = Main;
				INFOPLIST_KEY_UISupportedInterfaceOrientations_iPad = "UIInterfaceOrientationPortrait UIInterfaceOrientationPortraitUpsideDown UIInterfaceOrientationLandscapeLeft UIInterfaceOrientationLandscapeRight";
				INFOPLIST_KEY_UISupportedInterfaceOrientations_iPhone = "UIInterfaceOrientationPortrait UIInterfaceOrientationLandscapeLeft UIInterfaceOrientationLandscapeRight";
				LD_RUNPATH_SEARCH_PATHS = (
					"$(inherited)",
					"@executable_path/Frameworks",
				);
				MARKETING_VERSION = 1.0;
				PRODUCT_BUNDLE_IDENTIFIER = com.typemin.Audio;
				PRODUCT_NAME = "$(TARGET_NAME)";
				SWIFT_EMIT_LOC_STRINGS = YES;
				SWIFT_VERSION = 5.0;
				TARGETED_DEVICE_FAMILY = "1,2";
			};
			name = Release;
		};
		BD5487892755E43C009AC5B2 /* Debug */ = {
			isa = XCBuildConfiguration;
			buildSettings = {
				ALWAYS_EMBED_SWIFT_STANDARD_LIBRARIES = YES;
				BUNDLE_LOADER = "$(TEST_HOST)";
				CODE_SIGN_STYLE = Automatic;
				CURRENT_PROJECT_VERSION = 1;
				GENERATE_INFOPLIST_FILE = YES;
				IPHONEOS_DEPLOYMENT_TARGET = 15.0;
				LD_RUNPATH_SEARCH_PATHS = (
					"$(inherited)",
					"@executable_path/Frameworks",
					"@loader_path/Frameworks",
				);
				MARKETING_VERSION = 1.0;
				PRODUCT_BUNDLE_IDENTIFIER = com.typemin.AudioTests;
				PRODUCT_NAME = "$(TARGET_NAME)";
				SWIFT_EMIT_LOC_STRINGS = NO;
				SWIFT_VERSION = 5.0;
				TARGETED_DEVICE_FAMILY = "1,2";
				TEST_HOST = "$(BUILT_PRODUCTS_DIR)/Audio.app/Audio";
			};
			name = Debug;
		};
		BD54878A2755E43C009AC5B2 /* Release */ = {
			isa = XCBuildConfiguration;
			buildSettings = {
				ALWAYS_EMBED_SWIFT_STANDARD_LIBRARIES = YES;
				BUNDLE_LOADER = "$(TEST_HOST)";
				CODE_SIGN_STYLE = Automatic;
				CURRENT_PROJECT_VERSION = 1;
				GENERATE_INFOPLIST_FILE = YES;
				IPHONEOS_DEPLOYMENT_TARGET = 15.0;
				LD_RUNPATH_SEARCH_PATHS = (
					"$(inherited)",
					"@executable_path/Frameworks",
					"@loader_path/Frameworks",
				);
				MARKETING_VERSION = 1.0;
				PRODUCT_BUNDLE_IDENTIFIER = com.typemin.AudioTests;
				PRODUCT_NAME = "$(TARGET_NAME)";
				SWIFT_EMIT_LOC_STRINGS = NO;
				SWIFT_VERSION = 5.0;
				TARGETED_DEVICE_FAMILY = "1,2";
				TEST_HOST = "$(BUILT_PRODUCTS_DIR)/Audio.app/Audio";
			};
			name = Release;
		};
		BD54878C2755E43C009AC5B2 /* Debug */ = {
			isa = XCBuildConfiguration;
			buildSettings = {
				ALWAYS_EMBED_SWIFT_STANDARD_LIBRARIES = YES;
				CODE_SIGN_STYLE = Automatic;
				CURRENT_PROJECT_VERSION = 1;
				GENERATE_INFOPLIST_FILE = YES;
				LD_RUNPATH_SEARCH_PATHS = (
					"$(inherited)",
					"@executable_path/Frameworks",
					"@loader_path/Frameworks",
				);
				MARKETING_VERSION = 1.0;
				PRODUCT_BUNDLE_IDENTIFIER = com.typemin.AudioUITests;
				PRODUCT_NAME = "$(TARGET_NAME)";
				SWIFT_EMIT_LOC_STRINGS = NO;
				SWIFT_VERSION = 5.0;
				TARGETED_DEVICE_FAMILY = "1,2";
				TEST_TARGET_NAME = Audio;
			};
			name = Debug;
		};
		BD54878D2755E43C009AC5B2 /* Release */ = {
			isa = XCBuildConfiguration;
			buildSettings = {
				ALWAYS_EMBED_SWIFT_STANDARD_LIBRARIES = YES;
				CODE_SIGN_STYLE = Automatic;
				CURRENT_PROJECT_VERSION = 1;
				GENERATE_INFOPLIST_FILE = YES;
				LD_RUNPATH_SEARCH_PATHS = (
					"$(inherited)",
					"@executable_path/Frameworks",
					"@loader_path/Frameworks",
				);
				MARKETING_VERSION = 1.0;
				PRODUCT_BUNDLE_IDENTIFIER = com.typemin.AudioUITests;
				PRODUCT_NAME = "$(TARGET_NAME)";
				SWIFT_EMIT_LOC_STRINGS = NO;
				SWIFT_VERSION = 5.0;
				TARGETED_DEVICE_FAMILY = "1,2";
				TEST_TARGET_NAME = Audio;
			};
			name = Release;
		};
/* End XCBuildConfiguration section */

/* Begin XCConfigurationList section */
		BD5487562755E43B009AC5B2 /* Build configuration list for PBXProject "Audio" */ = {
			isa = XCConfigurationList;
			buildConfigurations = (
				BD5487832755E43C009AC5B2 /* Debug */,
				BD5487842755E43C009AC5B2 /* Release */,
			);
			defaultConfigurationIsVisible = 0;
			defaultConfigurationName = Release;
		};
		BD5487852755E43C009AC5B2 /* Build configuration list for PBXNativeTarget "Audio" */ = {
			isa = XCConfigurationList;
			buildConfigurations = (
				BD5487862755E43C009AC5B2 /* Debug */,
				BD5487872755E43C009AC5B2 /* Release */,
			);
			defaultConfigurationIsVisible = 0;
			defaultConfigurationName = Release;
		};
		BD5487882755E43C009AC5B2 /* Build configuration list for PBXNativeTarget "AudioTests" */ = {
			isa = XCConfigurationList;
			buildConfigurations = (
				BD5487892755E43C009AC5B2 /* Debug */,
				BD54878A2755E43C009AC5B2 /* Release */,
			);
			defaultConfigurationIsVisible = 0;
			defaultConfigurationName = Release;
		};
		BD54878B2755E43C009AC5B2 /* Build configuration list for PBXNativeTarget "AudioUITests" */ = {
			isa = XCConfigurationList;
			buildConfigurations = (
				BD54878C2755E43C009AC5B2 /* Debug */,
				BD54878D2755E43C009AC5B2 /* Release */,
			);
			defaultConfigurationIsVisible = 0;
			defaultConfigurationName = Release;
		};
/* End XCConfigurationList section */
	};
	rootObject = BD5487532755E43B009AC5B2 /* Project object */;
}
